
Microsoft Visual Studio Solution File, Format Version 12.00
# Visual Studio 14
VisualStudioVersion = 14.0.25123.0
MinimumVisualStudioVersion = 10.0.40219.1
Project("{FAE04EC0-301F-11D3-BF4B-00C04F79EFBC}") = "EnvironmentMonitoringApp", "EnvironmentMonitoringApp\EnvironmentMonitoringApp.csproj", "{A27B3F6F-2D7B-4109-A0C8-14FAFF1580DE}"
EndProject
Project("{FAE04EC0-301F-11D3-BF4B-00C04F79EFBC}") = "sparkfun-weather-shield", "sparkfun-weather-shield\sparkfun-weather-shield.csproj", "{76F75707-6193-4286-BBE6-EF8025B8DCF7}"
EndProject
Project("{FAE04EC0-301F-11D3-BF4B-00C04F79EFBC}") = "I2CNeoPixelDriver", "I2CNeoPixelDriver\I2CNeoPixelDriver.csproj", "{3BB859CF-0D37-4514-8917-75A49E8B677A}"
EndProject
Project("{FAE04EC0-301F-11D3-BF4B-00C04F79EFBC}") = "DeviceTypeInterfaceLibrary", "DeviceTypeInterfaceLibrary\DeviceTypeInterfaceLibrary.csproj", "{B2CF5261-C686-4EC7-B2AD-5F46428A613E}"
EndProject
Global
	GlobalSection(SolutionConfigurationPlatforms) = preSolution
		Debug|Any CPU = Debug|Any CPU
		Debug|ARM = Debug|ARM
		Debug|x64 = Debug|x64
		Debug|x86 = Debug|x86
		Release|Any CPU = Release|Any CPU
		Release|ARM = Release|ARM
		Release|x64 = Release|x64
		Release|x86 = Release|x86
	EndGlobalSection
	GlobalSection(ProjectConfigurationPlatforms) = postSolution
		{A27B3F6F-2D7B-4109-A0C8-14FAFF1580DE}.Debug|Any CPU.ActiveCfg = Debug|x86
		{A27B3F6F-2D7B-4109-A0C8-14FAFF1580DE}.Debug|ARM.ActiveCfg = Debug|ARM
		{A27B3F6F-2D7B-4109-A0C8-14FAFF1580DE}.Debug|ARM.Build.0 = Debug|ARM
		{A27B3F6F-2D7B-4109-A0C8-14FAFF1580DE}.Debug|ARM.Deploy.0 = Debug|ARM
		{A27B3F6F-2D7B-4109-A0C8-14FAFF1580DE}.Debug|x64.ActiveCfg = Debug|x64
		{A27B3F6F-2D7B-4109-A0C8-14FAFF1580DE}.Debug|x64.Build.0 = Debug|x64
		{A27B3F6F-2D7B-4109-A0C8-14FAFF1580DE}.Debug|x64.Deploy.0 = Debug|x64
		{A27B3F6F-2D7B-4109-A0C8-14FAFF1580DE}.Debug|x86.ActiveCfg = Debug|x86
		{A27B3F6F-2D7B-4109-A0C8-14FAFF1580DE}.Debug|x86.Build.0 = Debug|x86
		{A27B3F6F-2D7B-4109-A0C8-14FAFF1580DE}.Debug|x86.Deploy.0 = Debug|x86
		{A27B3F6F-2D7B-4109-A0C8-14FAFF1580DE}.Release|Any CPU.ActiveCfg = Release|x86
		{A27B3F6F-2D7B-4109-A0C8-14FAFF1580DE}.Release|ARM.ActiveCfg = Release|ARM
		{A27B3F6F-2D7B-4109-A0C8-14FAFF1580DE}.Release|ARM.Build.0 = Release|ARM
		{A27B3F6F-2D7B-4109-A0C8-14FAFF1580DE}.Release|ARM.Deploy.0 = Release|ARM
		{A27B3F6F-2D7B-4109-A0C8-14FAFF1580DE}.Release|x64.ActiveCfg = Release|x64
		{A27B3F6F-2D7B-4109-A0C8-14FAFF1580DE}.Release|x64.Build.0 = Release|x64
		{A27B3F6F-2D7B-4109-A0C8-14FAFF1580DE}.Release|x64.Deploy.0 = Release|x64
		{A27B3F6F-2D7B-4109-A0C8-14FAFF1580DE}.Release|x86.ActiveCfg = Release|x86
		{A27B3F6F-2D7B-4109-A0C8-14FAFF1580DE}.Release|x86.Build.0 = Release|x86
		{A27B3F6F-2D7B-4109-A0C8-14FAFF1580DE}.Release|x86.Deploy.0 = Release|x86
		{76F75707-6193-4286-BBE6-EF8025B8DCF7}.Debug|Any CPU.ActiveCfg = Debug|Any CPU
		{76F75707-6193-4286-BBE6-EF8025B8DCF7}.Debug|Any CPU.Build.0 = Debug|Any CPU
		{76F75707-6193-4286-BBE6-EF8025B8DCF7}.Debug|ARM.ActiveCfg = Debug|ARM
		{76F75707-6193-4286-BBE6-EF8025B8DCF7}.Debug|ARM.Build.0 = Debug|ARM
		{76F75707-6193-4286-BBE6-EF8025B8DCF7}.Debug|x64.ActiveCfg = Debug|x64
		{76F75707-6193-4286-BBE6-EF8025B8DCF7}.Debug|x64.Build.0 = Debug|x64
		{76F75707-6193-4286-BBE6-EF8025B8DCF7}.Debug|x86.ActiveCfg = Debug|x86
		{76F75707-6193-4286-BBE6-EF8025B8DCF7}.Debug|x86.Build.0 = Debug|x86
		{76F75707-6193-4286-BBE6-EF8025B8DCF7}.Release|Any CPU.ActiveCfg = Release|Any CPU
		{76F75707-6193-4286-BBE6-EF8025B8DCF7}.Release|Any CPU.Build.0 = Release|Any CPU
		{76F75707-6193-4286-BBE6-EF8025B8DCF7}.Release|ARM.ActiveCfg = Release|ARM
		{76F75707-6193-4286-BBE6-EF8025B8DCF7}.Release|ARM.Build.0 = Release|ARM
		{76F75707-6193-4286-BBE6-EF8025B8DCF7}.Release|x64.ActiveCfg = Release|x64
		{76F75707-6193-4286-BBE6-EF8025B8DCF7}.Release|x64.Build.0 = Release|x64
		{76F75707-6193-4286-BBE6-EF8025B8DCF7}.Release|x86.ActiveCfg = Release|x86
		{76F75707-6193-4286-BBE6-EF8025B8DCF7}.Release|x86.Build.0 = Release|x86
		{3BB859CF-0D37-4514-8917-75A49E8B677A}.Debug|Any CPU.ActiveCfg = Debug|Any CPU
		{3BB859CF-0D37-4514-8917-75A49E8B677A}.Debug|Any CPU.Build.0 = Debug|Any CPU
		{3BB859CF-0D37-4514-8917-75A49E8B677A}.Debug|ARM.ActiveCfg = Debug|ARM
		{3BB859CF-0D37-4514-8917-75A49E8B677A}.Debug|ARM.Build.0 = Debug|ARM
		{3BB859CF-0D37-4514-8917-75A49E8B677A}.Debug|x64.ActiveCfg = Debug|x64
		{3BB859CF-0D37-4514-8917-75A49E8B677A}.Debug|x64.Build.0 = Debug|x64
		{3BB859CF-0D37-4514-8917-75A49E8B677A}.Debug|x86.ActiveCfg = Debug|x86
		{3BB859CF-0D37-4514-8917-75A49E8B677A}.Debug|x86.Build.0 = Debug|x86
		{3BB859CF-0D37-4514-8917-75A49E8B677A}.Release|Any CPU.ActiveCfg = Release|Any CPU
		{3BB859CF-0D37-4514-8917-75A49E8B677A}.Release|Any CPU.Build.0 = Release|Any CPU
		{3BB859CF-0D37-4514-8917-75A49E8B677A}.Release|ARM.ActiveCfg = Release|ARM
		{3BB859CF-0D37-4514-8917-75A49E8B677A}.Release|ARM.Build.0 = Release|ARM
		{3BB859CF-0D37-4514-8917-75A49E8B677A}.Release|x64.ActiveCfg = Release|x64
		{3BB859CF-0D37-4514-8917-75A49E8B677A}.Release|x64.Build.0 = Release|x64
		{3BB859CF-0D37-4514-8917-75A49E8B677A}.Release|x86.ActiveCfg = Release|x86
		{3BB859CF-0D37-4514-8917-75A49E8B677A}.Release|x86.Build.0 = Release|x86
		{B2CF5261-C686-4EC7-B2AD-5F46428A613E}.Debug|Any CPU.ActiveCfg = Debug|Any CPU
		{B2CF5261-C686-4EC7-B2AD-5F46428A613E}.Debug|Any CPU.Build.0 = Debug|Any CPU
		{B2CF5261-C686-4EC7-B2AD-5F46428A613E}.Debug|ARM.ActiveCfg = Debug|ARM
		{B2CF5261-C686-4EC7-B2AD-5F46428A613E}.Debug|ARM.Build.0 = Debug|ARM
		{B2CF5261-C686-4EC7-B2AD-5F46428A613E}.Debug|x64.ActiveCfg = Debug|x64
		{B2CF5261-C686-4EC7-B2AD-5F46428A613E}.Debug|x64.Build.0 = Debug|x64
		{B2CF5261-C686-4EC7-B2AD-5F46428A613E}.Debug|x86.ActiveCfg = Debug|x86
		{B2CF5261-C686-4EC7-B2AD-5F46428A613E}.Debug|x86.Build.0 = Debug|x86
		{B2CF5261-C686-4EC7-B2AD-5F46428A613E}.Release|Any CPU.ActiveCfg = Release|Any CPU
		{B2CF5261-C686-4EC7-B2AD-5F46428A613E}.Release|Any CPU.Build.0 = Release|Any CPU
		{B2CF5261-C686-4EC7-B2AD-5F46428A613E}.Release|ARM.ActiveCfg = Release|ARM
		{B2CF5261-C686-4EC7-B2AD-5F46428A613E}.Release|ARM.Build.0 = Release|ARM
		{B2CF5261-C686-4EC7-B2AD-5F46428A613E}.Release|x64.ActiveCfg = Release|x64
		{B2CF5261-C686-4EC7-B2AD-5F46428A613E}.Release|x64.Build.0 = Release|x64
		{B2CF5261-C686-4EC7-B2AD-5F46428A613E}.Release|x86.ActiveCfg = Release|x86
		{B2CF5261-C686-4EC7-B2AD-5F46428A613E}.Release|x86.Build.0 = Release|x86
	EndGlobalSection
	GlobalSection(SolutionProperties) = preSolution
		HideSolutionNode = FALSE
	EndGlobalSection
EndGlobal
